
Microsoft Visual Studio Solution File, Format Version 12.00
# Visual Studio Version 16
VisualStudioVersion = 16.0.30717.126
MinimumVisualStudioVersion = 10.0.40219.1
Project("{FAE04EC0-301F-11D3-BF4B-00C04F79EFBC}") = "Marrakech", "Marrakech\Marrakech.csproj", "{83DBE39C-FE47-4013-97EF-351207132882}"
EndProject
Global
	GlobalSection(SolutionConfigurationPlatforms) = preSolution
		Debug|Any CPU = Debug|Any CPU
		Release|Any CPU = Release|Any CPU
	EndGlobalSection
	GlobalSection(ProjectConfigurationPlatforms) = postSolution
		{83DBE39C-FE47-4013-97EF-351207132882}.Debug|Any CPU.ActiveCfg = Debug|Any CPU
		{83DBE39C-FE47-4013-97EF-351207132882}.Debug|Any CPU.Build.0 = Debug|Any CPU
		{83DBE39C-FE47-4013-97EF-351207132882}.Release|Any CPU.ActiveCfg = Release|Any CPU
		{83DBE39C-FE47-4013-97EF-351207132882}.Release|Any CPU.Build.0 = Release|Any CPU
	EndGlobalSection
	GlobalSection(SolutionProperties) = preSolution
		HideSolutionNode = FALSE
	EndGlobalSection
	GlobalSection(ExtensibilityGlobals) = postSolution
		SolutionGuid = {E4628535-87EE-4823-98AA-E9606A8AC3DC}
	EndGlobalSection
EndGlobal
